
Microsoft Visual Studio Solution File, Format Version 12.00
# Visual Studio Version 17
VisualStudioVersion = 17.14.36414.22 d17.14
MinimumVisualStudioVersion = 10.0.40219.1
Project("{2150E333-8FDC-42A3-9474-1A3956D46DE8}") = "1_PublishService", "1_PublishService", "{36D591C7-65C7-A0D1-1CBC-10CDE441BDC8}"
EndProject
Project("{2150E333-8FDC-42A3-9474-1A3956D46DE8}") = "2_CommonResources", "2_CommonResources", "{A56310E4-62F7-4786-8848-21A931C4FDD8}"
EndProject
Project("{FAE04EC0-301F-11D3-BF4B-00C04F79EFBC}") = "WebApiApp", "WebApiApp\WebApiApp.csproj", "{57EFCFD1-7F04-41FA-822E-B29C0F766F0E}"
EndProject
Project("{FAE04EC0-301F-11D3-BF4B-00C04F79EFBC}") = "CommonResources", "CommonResources\CommonResources.csproj", "{CF8AEF16-C014-4723-8C38-AECF10806742}"
EndProject
Global
	GlobalSection(SolutionConfigurationPlatforms) = preSolution
		Debug|Any CPU = Debug|Any CPU
		Release|Any CPU = Release|Any CPU
	EndGlobalSection
	GlobalSection(ProjectConfigurationPlatforms) = postSolution
		{57EFCFD1-7F04-41FA-822E-B29C0F766F0E}.Debug|Any CPU.ActiveCfg = Debug|Any CPU
		{57EFCFD1-7F04-41FA-822E-B29C0F766F0E}.Debug|Any CPU.Build.0 = Debug|Any CPU
		{57EFCFD1-7F04-41FA-822E-B29C0F766F0E}.Release|Any CPU.ActiveCfg = Release|Any CPU
		{57EFCFD1-7F04-41FA-822E-B29C0F766F0E}.Release|Any CPU.Build.0 = Release|Any CPU
		{CF8AEF16-C014-4723-8C38-AECF10806742}.Debug|Any CPU.ActiveCfg = Debug|Any CPU
		{CF8AEF16-C014-4723-8C38-AECF10806742}.Debug|Any CPU.Build.0 = Debug|Any CPU
		{CF8AEF16-C014-4723-8C38-AECF10806742}.Release|Any CPU.ActiveCfg = Release|Any CPU
		{CF8AEF16-C014-4723-8C38-AECF10806742}.Release|Any CPU.Build.0 = Release|Any CPU
	EndGlobalSection
	GlobalSection(SolutionProperties) = preSolution
		HideSolutionNode = FALSE
	EndGlobalSection
	GlobalSection(NestedProjects) = preSolution
		{57EFCFD1-7F04-41FA-822E-B29C0F766F0E} = {36D591C7-65C7-A0D1-1CBC-10CDE441BDC8}
		{CF8AEF16-C014-4723-8C38-AECF10806742} = {A56310E4-62F7-4786-8848-21A931C4FDD8}
	EndGlobalSection
	GlobalSection(ExtensibilityGlobals) = postSolution
		SolutionGuid = {EE04ED98-867F-4E03-B44E-239D18E248ED}
	EndGlobalSection
EndGlobal
